
Microsoft Visual Studio Solution File, Format Version 12.00
# Visual Studio 15
VisualStudioVersion = 15.0.28307.106
MinimumVisualStudioVersion = 10.0.40219.1
Project("{FAE04EC0-301F-11D3-BF4B-00C04F79EFBC}") = "EPAS", "EPAS\EPAS.csproj", "{BF3D7FBD-4F1A-4869-842A-3AE3A911D36E}"
EndProject
Project("{FAE04EC0-301F-11D3-BF4B-00C04F79EFBC}") = "Testing", "Testing\Testing.csproj", "{73E32211-938D-47E9-8A93-843644F5FE1C}"
EndProject
Global
	GlobalSection(SolutionConfigurationPlatforms) = preSolution
		Debug|Any CPU = Debug|Any CPU
		Release|Any CPU = Release|Any CPU
	EndGlobalSection
	GlobalSection(ProjectConfigurationPlatforms) = postSolution
		{BF3D7FBD-4F1A-4869-842A-3AE3A911D36E}.Debug|Any CPU.ActiveCfg = Debug|Any CPU
		{BF3D7FBD-4F1A-4869-842A-3AE3A911D36E}.Debug|Any CPU.Build.0 = Debug|Any CPU
		{BF3D7FBD-4F1A-4869-842A-3AE3A911D36E}.Release|Any CPU.ActiveCfg = Release|Any CPU
		{BF3D7FBD-4F1A-4869-842A-3AE3A911D36E}.Release|Any CPU.Build.0 = Release|Any CPU
		{73E32211-938D-47E9-8A93-843644F5FE1C}.Debug|Any CPU.ActiveCfg = Debug|Any CPU
		{73E32211-938D-47E9-8A93-843644F5FE1C}.Debug|Any CPU.Build.0 = Debug|Any CPU
		{73E32211-938D-47E9-8A93-843644F5FE1C}.Release|Any CPU.ActiveCfg = Release|Any CPU
		{73E32211-938D-47E9-8A93-843644F5FE1C}.Release|Any CPU.Build.0 = Release|Any CPU
	EndGlobalSection
	GlobalSection(SolutionProperties) = preSolution
		HideSolutionNode = FALSE
	EndGlobalSection
	GlobalSection(ExtensibilityGlobals) = postSolution
		SolutionGuid = {429BD180-82A4-4C05-984D-610A72636A99}
	EndGlobalSection
EndGlobal
